// !$*UTF8*$!
{
	archiveVersion = 1;
	classes = {
	};
	objectVersion = 56;
	objects = {

/* Begin PBXBuildFile section */
		A1000001226AAAAA /* StickyMarkdownApp.swift in Sources */ = {isa = PBXBuildFile; fileRef = A1000001226AAAA1 /* StickyMarkdownApp.swift */; };
		A1000002226AAAAA /* AppDelegate.swift in Sources */ = {isa = PBXBuildFile; fileRef = A1000002226AAAA1 /* AppDelegate.swift */; };
		A1000003226AAAAA /* NoteColor.swift in Sources */ = {isa = PBXBuildFile; fileRef = A1000003226AAAA1 /* NoteColor.swift */; };
		A1000004226AAAAA /* Note.swift in Sources */ = {isa = PBXBuildFile; fileRef = A1000004226AAAA1 /* Note.swift */; };
		A1000005226AAAAA /* NoteStore.swift in Sources */ = {isa = PBXBuildFile; fileRef = A1000005226AAAA1 /* NoteStore.swift */; };
		A1000006226AAAAA /* PlainTextEditor.swift in Sources */ = {isa = PBXBuildFile; fileRef = A1000006226AAAA1 /* PlainTextEditor.swift */; };
		A1000007226AAAAA /* NoteEditorView.swift in Sources */ = {isa = PBXBuildFile; fileRef = A1000007226AAAA1 /* NoteEditorView.swift */; };
		A1000009226AAAAA /* NotePanel.swift in Sources */ = {isa = PBXBuildFile; fileRef = A1000009226AAAA1 /* NotePanel.swift */; };
		A1000010226AAAAA /* NoteWindowController.swift in Sources */ = {isa = PBXBuildFile; fileRef = A1000010226AAAA1 /* NoteWindowController.swift */; };
		A1000011226AAAAA /* MenuBarView.swift in Sources */ = {isa = PBXBuildFile; fileRef = A1000011226AAAA1 /* MenuBarView.swift */; };
		A1000013226AAAAA /* WindowManager.swift in Sources */ = {isa = PBXBuildFile; fileRef = A1000013226AAAA1 /* WindowManager.swift */; };
		A1000014226AAAAA /* Color+NoteColors.swift in Sources */ = {isa = PBXBuildFile; fileRef = A1000014226AAAA1 /* Color+NoteColors.swift */; };
		A1000015226AAAAA /* Assets.xcassets in Resources */ = {isa = PBXBuildFile; fileRef = A1000015226AAAA1 /* Assets.xcassets */; };
		A1000018226AAAAA /* WindowDragView.swift in Sources */ = {isa = PBXBuildFile; fileRef = A1000018226AAAA1 /* WindowDragView.swift */; };
		A1000019226AAAAA /* VisualEffectView.swift in Sources */ = {isa = PBXBuildFile; fileRef = A1000019226AAAA1 /* VisualEffectView.swift */; };
		A1000020226AAAAA /* NoteTitleBar.swift in Sources */ = {isa = PBXBuildFile; fileRef = A1000020226AAAA1 /* NoteTitleBar.swift */; };
		A1000021226AAAAA /* SettingsView.swift in Sources */ = {isa = PBXBuildFile; fileRef = A1000021226AAAA1 /* SettingsView.swift */; };
		B1000001226AAAAA /* StickyMarkdownApp_iOS.swift in Sources */ = {isa = PBXBuildFile; fileRef = B1000001226AAAA1 /* StickyMarkdownApp_iOS.swift */; };
		B1000002226AAAAA /* NoteGridView.swift in Sources */ = {isa = PBXBuildFile; fileRef = B1000002226AAAA1 /* NoteGridView.swift */; };
		B1000003226AAAAA /* NoteCardView.swift in Sources */ = {isa = PBXBuildFile; fileRef = B1000003226AAAA1 /* NoteCardView.swift */; };
		B1000004226AAAAA /* NoteEditView.swift in Sources */ = {isa = PBXBuildFile; fileRef = B1000004226AAAA1 /* NoteEditView.swift */; };
		B1000005226AAAAA /* iOS_SettingsView.swift in Sources */ = {isa = PBXBuildFile; fileRef = B1000005226AAAA1 /* iOS_SettingsView.swift */; };
		B1000010226AAAAA /* NoteColor.swift in Sources */ = {isa = PBXBuildFile; fileRef = A1000003226AAAA1 /* NoteColor.swift */; };
		B1000011226AAAAA /* Note.swift in Sources */ = {isa = PBXBuildFile; fileRef = A1000004226AAAA1 /* Note.swift */; };
		B1000012226AAAAA /* NoteStore.swift in Sources */ = {isa = PBXBuildFile; fileRef = A1000005226AAAA1 /* NoteStore.swift */; };
		B1000014226AAAAA /* Color+NoteColors.swift in Sources */ = {isa = PBXBuildFile; fileRef = A1000014226AAAA1 /* Color+NoteColors.swift */; };
		B1000015226AAAAA /* Assets.xcassets in Resources */ = {isa = PBXBuildFile; fileRef = A1000015226AAAA1 /* Assets.xcassets */; };
		C1000001226AAAAA /* StickyMarkdown.xcdatamodeld in Sources */ = {isa = PBXBuildFile; fileRef = C1000001226AAAA1 /* StickyMarkdown.xcdatamodeld */; };
		C1000002226AAAAA /* CDNote+Mapping.swift in Sources */ = {isa = PBXBuildFile; fileRef = C1000002226AAAA1 /* CDNote+Mapping.swift */; };
		C1000003226AAAAA /* CoreDataStack.swift in Sources */ = {isa = PBXBuildFile; fileRef = C1000003226AAAA1 /* CoreDataStack.swift */; };
		C1000004226AAAAA /* MigrationManager.swift in Sources */ = {isa = PBXBuildFile; fileRef = C1000004226AAAA1 /* MigrationManager.swift */; };
		C1000011226AAAAA /* StickyMarkdown.xcdatamodeld in Sources */ = {isa = PBXBuildFile; fileRef = C1000001226AAAA1 /* StickyMarkdown.xcdatamodeld */; };
		C1000012226AAAAA /* CDNote+Mapping.swift in Sources */ = {isa = PBXBuildFile; fileRef = C1000002226AAAA1 /* CDNote+Mapping.swift */; };
		C1000013226AAAAA /* CoreDataStack.swift in Sources */ = {isa = PBXBuildFile; fileRef = C1000003226AAAA1 /* CoreDataStack.swift */; };
		C1000014226AAAAA /* MigrationManager.swift in Sources */ = {isa = PBXBuildFile; fileRef = C1000004226AAAA1 /* MigrationManager.swift */; };
		D1000001226AAAAA /* ManagerNoteCardView.swift in Sources */ = {isa = PBXBuildFile; fileRef = D1000001226AAAA1 /* ManagerNoteCardView.swift */; };
		D1000002226AAAAA /* NotesManagerView.swift in Sources */ = {isa = PBXBuildFile; fileRef = D1000002226AAAA1 /* NotesManagerView.swift */; };
		D1000003226AAAAA /* NotesManagerWindowController.swift in Sources */ = {isa = PBXBuildFile; fileRef = D1000003226AAAA1 /* NotesManagerWindowController.swift */; };
		E1000001226AAAAA /* MarkdownStyler.swift in Sources */ = {isa = PBXBuildFile; fileRef = E1000001226AAAA1 /* MarkdownStyler.swift */; };
		E1000002226AAAAA /* NoteExporter.swift in Sources */ = {isa = PBXBuildFile; fileRef = E1000002226AAAA1 /* NoteExporter.swift */; };
		G1000001226AAAAA /* StickyNoteIntents.swift in Sources */ = {isa = PBXBuildFile; fileRef = G1000001226AAAA1 /* StickyNoteIntents.swift */; };
		E1000003226AAAAA /* MarkdownTextEditor.swift in Sources */ = {isa = PBXBuildFile; fileRef = E1000003226AAAA1 /* MarkdownTextEditor.swift */; };
		F1000001226AAAAA /* Markdown in Frameworks */ = {isa = PBXBuildFile; productRef = F1000002226AAAA1 /* Markdown */; };
		F1000002226AAAAA /* Markdown in Frameworks */ = {isa = PBXBuildFile; productRef = F1000003226AAAA1 /* Markdown */; };
/* End PBXBuildFile section */

/* Begin PBXFileReference section */
		A1000000226AAAA0 /* StickyMarkdown.app */ = {isa = PBXFileReference; explicitFileType = wrapper.application; includeInIndex = 0; path = StickyMarkdown.app; sourceTree = BUILT_PRODUCTS_DIR; };
		A1000001226AAAA1 /* StickyMarkdownApp.swift */ = {isa = PBXFileReference; lastKnownFileType = sourcecode.swift; path = StickyMarkdownApp.swift; sourceTree = "<group>"; };
		A1000002226AAAA1 /* AppDelegate.swift */ = {isa = PBXFileReference; lastKnownFileType = sourcecode.swift; path = AppDelegate.swift; sourceTree = "<group>"; };
		A1000003226AAAA1 /* NoteColor.swift */ = {isa = PBXFileReference; lastKnownFileType = sourcecode.swift; path = NoteColor.swift; sourceTree = "<group>"; };
		A1000004226AAAA1 /* Note.swift */ = {isa = PBXFileReference; lastKnownFileType = sourcecode.swift; path = Note.swift; sourceTree = "<group>"; };
		A1000005226AAAA1 /* NoteStore.swift */ = {isa = PBXFileReference; lastKnownFileType = sourcecode.swift; path = NoteStore.swift; sourceTree = "<group>"; };
		A1000006226AAAA1 /* PlainTextEditor.swift */ = {isa = PBXFileReference; lastKnownFileType = sourcecode.swift; path = PlainTextEditor.swift; sourceTree = "<group>"; };
		A1000007226AAAA1 /* NoteEditorView.swift */ = {isa = PBXFileReference; lastKnownFileType = sourcecode.swift; path = NoteEditorView.swift; sourceTree = "<group>"; };
		A1000009226AAAA1 /* NotePanel.swift */ = {isa = PBXFileReference; lastKnownFileType = sourcecode.swift; path = NotePanel.swift; sourceTree = "<group>"; };
		A1000010226AAAA1 /* NoteWindowController.swift */ = {isa = PBXFileReference; lastKnownFileType = sourcecode.swift; path = NoteWindowController.swift; sourceTree = "<group>"; };
		A1000011226AAAA1 /* MenuBarView.swift */ = {isa = PBXFileReference; lastKnownFileType = sourcecode.swift; path = MenuBarView.swift; sourceTree = "<group>"; };
		A1000013226AAAA1 /* WindowManager.swift */ = {isa = PBXFileReference; lastKnownFileType = sourcecode.swift; path = WindowManager.swift; sourceTree = "<group>"; };
		A1000014226AAAA1 /* Color+NoteColors.swift */ = {isa = PBXFileReference; lastKnownFileType = sourcecode.swift; path = "Color+NoteColors.swift"; sourceTree = "<group>"; };
		A1000015226AAAA1 /* Assets.xcassets */ = {isa = PBXFileReference; lastKnownFileType = folder.assetcatalog; path = Assets.xcassets; sourceTree = "<group>"; };
		A1000016226AAAA1 /* Info.plist */ = {isa = PBXFileReference; lastKnownFileType = text.plist.xml; path = Info.plist; sourceTree = "<group>"; };
		A1000017226AAAA1 /* StickyMarkdown.entitlements */ = {isa = PBXFileReference; lastKnownFileType = text.plist.entitlements; path = StickyMarkdown.entitlements; sourceTree = "<group>"; };
		A1000018226AAAA1 /* WindowDragView.swift */ = {isa = PBXFileReference; lastKnownFileType = sourcecode.swift; path = WindowDragView.swift; sourceTree = "<group>"; };
		A1000019226AAAA1 /* VisualEffectView.swift */ = {isa = PBXFileReference; lastKnownFileType = sourcecode.swift; path = VisualEffectView.swift; sourceTree = "<group>"; };
		A1000020226AAAA1 /* NoteTitleBar.swift */ = {isa = PBXFileReference; lastKnownFileType = sourcecode.swift; path = NoteTitleBar.swift; sourceTree = "<group>"; };
		A1000021226AAAA1 /* SettingsView.swift */ = {isa = PBXFileReference; lastKnownFileType = sourcecode.swift; path = SettingsView.swift; sourceTree = "<group>"; };
		B1000000226AAAA0 /* Sticky Markdown.app */ = {isa = PBXFileReference; explicitFileType = wrapper.application; includeInIndex = 0; path = "Sticky Markdown.app"; sourceTree = BUILT_PRODUCTS_DIR; };
		B1000001226AAAA1 /* StickyMarkdownApp_iOS.swift */ = {isa = PBXFileReference; lastKnownFileType = sourcecode.swift; path = StickyMarkdownApp_iOS.swift; sourceTree = "<group>"; };
		B1000002226AAAA1 /* NoteGridView.swift */ = {isa = PBXFileReference; lastKnownFileType = sourcecode.swift; path = NoteGridView.swift; sourceTree = "<group>"; };
		B1000003226AAAA1 /* NoteCardView.swift */ = {isa = PBXFileReference; lastKnownFileType = sourcecode.swift; path = NoteCardView.swift; sourceTree = "<group>"; };
		B1000004226AAAA1 /* NoteEditView.swift */ = {isa = PBXFileReference; lastKnownFileType = sourcecode.swift; path = NoteEditView.swift; sourceTree = "<group>"; };
		B1000005226AAAA1 /* iOS_SettingsView.swift */ = {isa = PBXFileReference; lastKnownFileType = sourcecode.swift; path = iOS_SettingsView.swift; sourceTree = "<group>"; };
		B1000006226AAAA1 /* Info-iOS.plist */ = {isa = PBXFileReference; lastKnownFileType = text.plist.xml; path = "Info-iOS.plist"; sourceTree = "<group>"; };
		C1000001226AAAA1 /* StickyMarkdown.xcdatamodeld */ = {isa = PBXFileReference; lastKnownFileType = wrapper.xcdatamodeld; path = StickyMarkdown.xcdatamodeld; sourceTree = "<group>"; };
		C1000002226AAAA1 /* CDNote+Mapping.swift */ = {isa = PBXFileReference; lastKnownFileType = sourcecode.swift; path = "CDNote+Mapping.swift"; sourceTree = "<group>"; };
		C1000003226AAAA1 /* CoreDataStack.swift */ = {isa = PBXFileReference; lastKnownFileType = sourcecode.swift; path = CoreDataStack.swift; sourceTree = "<group>"; };
		C1000004226AAAA1 /* MigrationManager.swift */ = {isa = PBXFileReference; lastKnownFileType = sourcecode.swift; path = MigrationManager.swift; sourceTree = "<group>"; };
		C1000005226AAAA1 /* StickyMarkdown-iOS.entitlements */ = {isa = PBXFileReference; lastKnownFileType = text.plist.entitlements; path = "StickyMarkdown-iOS.entitlements"; sourceTree = "<group>"; };
		D1000001226AAAA1 /* ManagerNoteCardView.swift */ = {isa = PBXFileReference; lastKnownFileType = sourcecode.swift; path = ManagerNoteCardView.swift; sourceTree = "<group>"; };
		D1000002226AAAA1 /* NotesManagerView.swift */ = {isa = PBXFileReference; lastKnownFileType = sourcecode.swift; path = NotesManagerView.swift; sourceTree = "<group>"; };
		D1000003226AAAA1 /* NotesManagerWindowController.swift */ = {isa = PBXFileReference; lastKnownFileType = sourcecode.swift; path = NotesManagerWindowController.swift; sourceTree = "<group>"; };
		E1000001226AAAA1 /* MarkdownStyler.swift */ = {isa = PBXFileReference; lastKnownFileType = sourcecode.swift; path = MarkdownStyler.swift; sourceTree = "<group>"; };
		E1000002226AAAA1 /* NoteExporter.swift */ = {isa = PBXFileReference; lastKnownFileType = sourcecode.swift; path = NoteExporter.swift; sourceTree = "<group>"; };
		G1000001226AAAA1 /* StickyNoteIntents.swift */ = {isa = PBXFileReference; lastKnownFileType = sourcecode.swift; path = StickyNoteIntents.swift; sourceTree = "<group>"; };
		E1000003226AAAA1 /* MarkdownTextEditor.swift */ = {isa = PBXFileReference; lastKnownFileType = sourcecode.swift; path = MarkdownTextEditor.swift; sourceTree = "<group>"; };
/* End PBXFileReference section */

/* Begin PBXFrameworksBuildPhase section */
		A1000000226AAAB0 /* Frameworks */ = {
			isa = PBXFrameworksBuildPhase;
			buildActionMask = 2147483647;
			files = (
				F1000001226AAAAA /* Markdown in Frameworks */,
			);
			runOnlyForDeploymentPostprocessing = 0;
		};
		B1000000226BBBB0 /* Frameworks */ = {
			isa = PBXFrameworksBuildPhase;
			buildActionMask = 2147483647;
			files = (
				F1000002226AAAAA /* Markdown in Frameworks */,
			);
			runOnlyForDeploymentPostprocessing = 0;
		};
/* End PBXFrameworksBuildPhase section */

/* Begin PBXGroup section */
		A1000000226AAAC0 = {
			isa = PBXGroup;
			children = (
				A1000000226AAAC1 /* StickyMarkdown */,
				B1000000226AAAC0 /* iOS */,
				A1000000226AAAC2 /* Products */,
			);
			sourceTree = "<group>";
		};
		A1000000226AAAC1 /* StickyMarkdown */ = {
			isa = PBXGroup;
			children = (
				A1000001226AAAA1 /* StickyMarkdownApp.swift */,
				A1000002226AAAA1 /* AppDelegate.swift */,
				A1000000226AAAC3 /* Models */,
				A1000000226AAAC4 /* Views */,
				A1000000226AAAC5 /* Helpers */,
				A1000000226AAAC6 /* Extensions */,
				A1000015226AAAA1 /* Assets.xcassets */,
				A1000016226AAAA1 /* Info.plist */,
				A1000017226AAAA1 /* StickyMarkdown.entitlements */,
			);
			name = StickyMarkdown;
			sourceTree = "<group>";
		};
		A1000000226AAAC2 /* Products */ = {
			isa = PBXGroup;
			children = (
				A1000000226AAAA0 /* StickyMarkdown.app */,
				B1000000226AAAA0 /* Sticky Markdown.app */,
			);
			name = Products;
			sourceTree = "<group>";
		};
		A1000000226AAAC3 /* Models */ = {
			isa = PBXGroup;
			children = (
				A1000003226AAAA1 /* NoteColor.swift */,
				A1000004226AAAA1 /* Note.swift */,
				A1000005226AAAA1 /* NoteStore.swift */,
				C1000001226AAAA1 /* StickyMarkdown.xcdatamodeld */,
				C1000002226AAAA1 /* CDNote+Mapping.swift */,
			);
			path = Models;
			sourceTree = "<group>";
		};
		A1000000226AAAC4 /* Views */ = {
			isa = PBXGroup;
			children = (
				A1000006226AAAA1 /* PlainTextEditor.swift */,
				A1000007226AAAA1 /* NoteEditorView.swift */,
				A1000020226AAAA1 /* NoteTitleBar.swift */,
				A1000011226AAAA1 /* MenuBarView.swift */,
				A1000021226AAAA1 /* SettingsView.swift */,
				A1000018226AAAA1 /* WindowDragView.swift */,
				A1000019226AAAA1 /* VisualEffectView.swift */,
				A1000000226AAAC7 /* NoteWindow */,
				D1000000226AAAC0 /* NotesManager */,
			);
			path = Views;
			sourceTree = "<group>";
		};
		A1000000226AAAC5 /* Helpers */ = {
			isa = PBXGroup;
			children = (
				C1000003226AAAA1 /* CoreDataStack.swift */,
				C1000004226AAAA1 /* MigrationManager.swift */,
				A1000013226AAAA1 /* WindowManager.swift */,
				E1000001226AAAA1 /* MarkdownStyler.swift */,
				E1000002226AAAA1 /* NoteExporter.swift */,
				G1000001226AAAA1 /* StickyNoteIntents.swift */,
			);
			path = Helpers;
			sourceTree = "<group>";
		};
		A1000000226AAAC6 /* Extensions */ = {
			isa = PBXGroup;
			children = (
				A1000014226AAAA1 /* Color+NoteColors.swift */,
			);
			path = Extensions;
			sourceTree = "<group>";
		};
		A1000000226AAAC7 /* NoteWindow */ = {
			isa = PBXGroup;
			children = (
				A1000009226AAAA1 /* NotePanel.swift */,
				A1000010226AAAA1 /* NoteWindowController.swift */,
			);
			path = NoteWindow;
			sourceTree = "<group>";
		};
		B1000000226AAAC0 /* iOS */ = {
			isa = PBXGroup;
			children = (
				B1000001226AAAA1 /* StickyMarkdownApp_iOS.swift */,
				B1000002226AAAA1 /* NoteGridView.swift */,
				B1000003226AAAA1 /* NoteCardView.swift */,
				B1000004226AAAA1 /* NoteEditView.swift */,
				B1000005226AAAA1 /* iOS_SettingsView.swift */,
				E1000003226AAAA1 /* MarkdownTextEditor.swift */,
				B1000006226AAAA1 /* Info-iOS.plist */,
				C1000005226AAAA1 /* StickyMarkdown-iOS.entitlements */,
			);
			path = iOS;
			sourceTree = "<group>";
		};
		D1000000226AAAC0 /* NotesManager */ = {
			isa = PBXGroup;
			children = (
				D1000001226AAAA1 /* ManagerNoteCardView.swift */,
				D1000002226AAAA1 /* NotesManagerView.swift */,
				D1000003226AAAA1 /* NotesManagerWindowController.swift */,
			);
			path = NotesManager;
			sourceTree = "<group>";
		};
/* End PBXGroup section */

/* Begin PBXNativeTarget section */
		A1000000226AAAD0 /* StickyMarkdown */ = {
			isa = PBXNativeTarget;
			buildConfigurationList = A1000000226AAAE0 /* Build configuration list for PBXNativeTarget "StickyMarkdown" */;
			buildPhases = (
				A1000000226AAAD1 /* Sources */,
				A1000000226AAAB0 /* Frameworks */,
				A1000000226AAAD2 /* Resources */,
			);
			buildRules = (
			);
			dependencies = (
			);
			name = StickyMarkdown;
			packageProductDependencies = (
				F1000002226AAAA1 /* Markdown */,
			);
			productName = StickyMarkdown;
			productReference = A1000000226AAAA0 /* StickyMarkdown.app */;
			productType = "com.apple.product-type.application";
		};
		B1000000226BBBD0 /* StickyMarkdown-iOS */ = {
			isa = PBXNativeTarget;
			buildConfigurationList = B1000000226BBBE0 /* Build configuration list for PBXNativeTarget "StickyMarkdown-iOS" */;
			buildPhases = (
				B1000000226BBBD1 /* Sources */,
				B1000000226BBBB0 /* Frameworks */,
				B1000000226BBBD2 /* Resources */,
			);
			buildRules = (
			);
			dependencies = (
			);
			name = "StickyMarkdown-iOS";
			packageProductDependencies = (
				F1000003226AAAA1 /* Markdown */,
			);
			productName = "StickyMarkdown-iOS";
			productReference = B1000000226AAAA0 /* Sticky Markdown.app */;
			productType = "com.apple.product-type.application";
		};
/* End PBXNativeTarget section */

/* Begin PBXProject section */
		A1000000226AAAF0 /* Project object */ = {
			isa = PBXProject;
			attributes = {
				BuildIndependentTargetsInParallel = 1;
				LastSwiftUpdateCheck = 1500;
				LastUpgradeCheck = 1500;
				TargetAttributes = {
					A1000000226AAAD0 = {
						CreatedOnToolsVersion = 15.0;
					};
					B1000000226BBBD0 = {
						CreatedOnToolsVersion = 15.0;
					};
				};
			};
			buildConfigurationList = A1000000226AAAF1 /* Build configuration list for PBXProject "StickyMarkdown" */;
			compatibilityVersion = "Xcode 14.0";
			developmentRegion = en;
			hasScannedForEncodings = 0;
			knownRegions = (
				en,
				Base,
			);
			mainGroup = A1000000226AAAC0;
			packageReferences = (
				F1000001226AAAA1 /* XCRemoteSwiftPackageReference "swift-markdown" */,
			);
			productRefGroup = A1000000226AAAC2 /* Products */;
			projectDirPath = "";
			projectRoot = "";
			targets = (
				A1000000226AAAD0 /* StickyMarkdown */,
				B1000000226BBBD0 /* StickyMarkdown-iOS */,
			);
		};
/* End PBXProject section */

/* Begin PBXResourcesBuildPhase section */
		A1000000226AAAD2 /* Resources */ = {
			isa = PBXResourcesBuildPhase;
			buildActionMask = 2147483647;
			files = (
				A1000015226AAAAA /* Assets.xcassets in Resources */,
			);
			runOnlyForDeploymentPostprocessing = 0;
		};
		B1000000226BBBD2 /* Resources */ = {
			isa = PBXResourcesBuildPhase;
			buildActionMask = 2147483647;
			files = (
				B1000015226AAAAA /* Assets.xcassets in Resources */,
			);
			runOnlyForDeploymentPostprocessing = 0;
		};
/* End PBXResourcesBuildPhase section */

/* Begin PBXSourcesBuildPhase section */
		A1000000226AAAD1 /* Sources */ = {
			isa = PBXSourcesBuildPhase;
			buildActionMask = 2147483647;
			files = (
				A1000001226AAAAA /* StickyMarkdownApp.swift in Sources */,
				A1000002226AAAAA /* AppDelegate.swift in Sources */,
				A1000003226AAAAA /* NoteColor.swift in Sources */,
				A1000004226AAAAA /* Note.swift in Sources */,
				A1000005226AAAAA /* NoteStore.swift in Sources */,
				A1000006226AAAAA /* PlainTextEditor.swift in Sources */,
				A1000007226AAAAA /* NoteEditorView.swift in Sources */,
				A1000009226AAAAA /* NotePanel.swift in Sources */,
				A1000010226AAAAA /* NoteWindowController.swift in Sources */,
				A1000011226AAAAA /* MenuBarView.swift in Sources */,
				C1000001226AAAAA /* StickyMarkdown.xcdatamodeld in Sources */,
				C1000002226AAAAA /* CDNote+Mapping.swift in Sources */,
				C1000003226AAAAA /* CoreDataStack.swift in Sources */,
				C1000004226AAAAA /* MigrationManager.swift in Sources */,
				A1000013226AAAAA /* WindowManager.swift in Sources */,
				A1000014226AAAAA /* Color+NoteColors.swift in Sources */,
				A1000018226AAAAA /* WindowDragView.swift in Sources */,
				A1000019226AAAAA /* VisualEffectView.swift in Sources */,
				A1000020226AAAAA /* NoteTitleBar.swift in Sources */,
				A1000021226AAAAA /* SettingsView.swift in Sources */,
				D1000001226AAAAA /* ManagerNoteCardView.swift in Sources */,
				D1000002226AAAAA /* NotesManagerView.swift in Sources */,
				D1000003226AAAAA /* NotesManagerWindowController.swift in Sources */,
				E1000001226AAAAA /* MarkdownStyler.swift in Sources */,
				E1000002226AAAAA /* NoteExporter.swift in Sources */,
				G1000001226AAAAA /* StickyNoteIntents.swift in Sources */,
			);
			runOnlyForDeploymentPostprocessing = 0;
		};
		B1000000226BBBD1 /* Sources */ = {
			isa = PBXSourcesBuildPhase;
			buildActionMask = 2147483647;
			files = (
				B1000001226AAAAA /* StickyMarkdownApp_iOS.swift in Sources */,
				B1000002226AAAAA /* NoteGridView.swift in Sources */,
				B1000003226AAAAA /* NoteCardView.swift in Sources */,
				B1000004226AAAAA /* NoteEditView.swift in Sources */,
				B1000005226AAAAA /* iOS_SettingsView.swift in Sources */,
				B1000010226AAAAA /* NoteColor.swift in Sources */,
				B1000011226AAAAA /* Note.swift in Sources */,
				B1000012226AAAAA /* NoteStore.swift in Sources */,
				C1000011226AAAAA /* StickyMarkdown.xcdatamodeld in Sources */,
				C1000012226AAAAA /* CDNote+Mapping.swift in Sources */,
				C1000013226AAAAA /* CoreDataStack.swift in Sources */,
				C1000014226AAAAA /* MigrationManager.swift in Sources */,
				B1000014226AAAAA /* Color+NoteColors.swift in Sources */,
				E1000003226AAAAA /* MarkdownTextEditor.swift in Sources */,
			);
			runOnlyForDeploymentPostprocessing = 0;
		};
/* End PBXSourcesBuildPhase section */

/* Begin XCBuildConfiguration section */
		A1000000226AAAE1 /* Debug */ = {
			isa = XCBuildConfiguration;
			buildSettings = {
				ASSETCATALOG_COMPILER_APPICON_NAME = AppIcon;
				ASSETCATALOG_COMPILER_GLOBAL_ACCENT_COLOR_NAME = AccentColor;
				CODE_SIGN_ENTITLEMENTS = StickyMarkdown.entitlements;
				CODE_SIGN_STYLE = Automatic;
				COMBINE_HIDPI_IMAGES = YES;
				CURRENT_PROJECT_VERSION = 2;
				DEVELOPMENT_TEAM = G823YRG96P;
				ENABLE_HARDENED_RUNTIME = YES;
				GENERATE_INFOPLIST_FILE = NO;
				INFOPLIST_FILE = Info.plist;
				INFOPLIST_KEY_CFBundleDisplayName = "Sticky Markdown";
				INFOPLIST_KEY_LSApplicationCategoryType = "public.app-category.productivity";
				INFOPLIST_KEY_NSHumanReadableCopyright = "";
				LD_RUNPATH_SEARCH_PATHS = (
					"$(inherited)",
					"@executable_path/../Frameworks",
				);
				MACOSX_DEPLOYMENT_TARGET = 13.0;
				MARKETING_VERSION = 1.0;
				PRODUCT_BUNDLE_IDENTIFIER = "com.sulhadin.sticky-markdown";
				PRODUCT_NAME = "$(TARGET_NAME)";
				SWIFT_EMIT_LOC_STRINGS = YES;
				SWIFT_VERSION = 5.0;
			};
			name = Debug;
		};
		A1000000226AAAE2 /* Release */ = {
			isa = XCBuildConfiguration;
			buildSettings = {
				ASSETCATALOG_COMPILER_APPICON_NAME = AppIcon;
				ASSETCATALOG_COMPILER_GLOBAL_ACCENT_COLOR_NAME = AccentColor;
				CODE_SIGN_ENTITLEMENTS = StickyMarkdown.entitlements;
				CODE_SIGN_STYLE = Automatic;
				COMBINE_HIDPI_IMAGES = YES;
				CURRENT_PROJECT_VERSION = 2;
				DEVELOPMENT_TEAM = G823YRG96P;
				ENABLE_HARDENED_RUNTIME = YES;
				GENERATE_INFOPLIST_FILE = NO;
				INFOPLIST_FILE = Info.plist;
				INFOPLIST_KEY_CFBundleDisplayName = "Sticky Markdown";
				INFOPLIST_KEY_LSApplicationCategoryType = "public.app-category.productivity";
				INFOPLIST_KEY_NSHumanReadableCopyright = "";
				LD_RUNPATH_SEARCH_PATHS = (
					"$(inherited)",
					"@executable_path/../Frameworks",
				);
				MACOSX_DEPLOYMENT_TARGET = 13.0;
				MARKETING_VERSION = 1.0;
				PRODUCT_BUNDLE_IDENTIFIER = "com.sulhadin.sticky-markdown";
				PRODUCT_NAME = "$(TARGET_NAME)";
				SWIFT_EMIT_LOC_STRINGS = YES;
				SWIFT_VERSION = 5.0;
			};
			name = Release;
		};
		A1000000226AAAF2 /* Debug */ = {
			isa = XCBuildConfiguration;
			buildSettings = {
				ALWAYS_SEARCH_USER_PATHS = NO;
				ASSETCATALOG_COMPILER_GENERATE_SWIFT_ASSET_SYMBOL_EXTENSIONS = YES;
				CLANG_ANALYZER_NONNULL = YES;
				CLANG_ANALYZER_NUMBER_OBJECT_CONVERSION = YES_AGGRESSIVE;
				CLANG_CXX_LANGUAGE_STANDARD = "gnu++20";
				CLANG_ENABLE_MODULES = YES;
				CLANG_ENABLE_OBJC_ARC = YES;
				CLANG_ENABLE_OBJC_WEAK = YES;
				CLANG_WARN_BLOCK_CAPTURE_AUTORELEASING = YES;
				CLANG_WARN_BOOL_CONVERSION = YES;
				CLANG_WARN_COMMA = YES;
				CLANG_WARN_CONSTANT_CONVERSION = YES;
				CLANG_WARN_DEPRECATED_OBJC_IMPLEMENTATIONS = YES;
				CLANG_WARN_DIRECT_OBJC_ISA_USAGE = YES_ERROR;
				CLANG_WARN_DOCUMENTATION_COMMENTS = YES;
				CLANG_WARN_EMPTY_BODY = YES;
				CLANG_WARN_ENUM_CONVERSION = YES;
				CLANG_WARN_INFINITE_RECURSION = YES;
				CLANG_WARN_INT_CONVERSION = YES;
				CLANG_WARN_NON_LITERAL_NULL_CONVERSION = YES;
				CLANG_WARN_OBJC_IMPLICIT_RETAIN_SELF = YES;
				CLANG_WARN_OBJC_LITERAL_CONVERSION = YES;
				CLANG_WARN_OBJC_ROOT_CLASS = YES_ERROR;
				CLANG_WARN_QUOTED_INCLUDE_IN_FRAMEWORK_HEADER = YES;
				CLANG_WARN_RANGE_LOOP_ANALYSIS = YES;
				CLANG_WARN_STRICT_PROTOTYPES = YES;
				CLANG_WARN_SUSPICIOUS_MOVE = YES;
				CLANG_WARN_UNGUARDED_AVAILABILITY = YES_AGGRESSIVE;
				CLANG_WARN_UNREACHABLE_CODE = YES;
				CLANG_WARN__DUPLICATE_METHOD_MATCH = YES;
				COPY_PHASE_STRIP = NO;
				DEBUG_INFORMATION_FORMAT = dwarf;
				ENABLE_STRICT_OBJC_MSGSEND = YES;
				ENABLE_TESTABILITY = YES;
				ENABLE_USER_SCRIPT_SANDBOXING = YES;
				GCC_C_LANGUAGE_STANDARD = gnu17;
				GCC_DYNAMIC_NO_PIC = NO;
				GCC_NO_COMMON_BLOCKS = YES;
				GCC_OPTIMIZATION_LEVEL = 0;
				GCC_PREPROCESSOR_DEFINITIONS = (
					"DEBUG=1",
					"$(inherited)",
				);
				GCC_WARN_64_TO_32_BIT_CONVERSION = YES;
				GCC_WARN_ABOUT_RETURN_TYPE = YES_ERROR;
				GCC_WARN_UNDECLARED_SELECTOR = YES;
				GCC_WARN_UNINITIALIZED_AUTOS = YES_AGGRESSIVE;
				GCC_WARN_UNUSED_FUNCTION = YES;
				GCC_WARN_UNUSED_VARIABLE = YES;
				LOCALIZATION_PREFERS_STRING_CATALOGS = YES;
				MACOSX_DEPLOYMENT_TARGET = 13.0;
				MTL_ENABLE_DEBUG_INFO = INCLUDE_SOURCE;
				MTL_FAST_MATH = YES;
				ONLY_ACTIVE_ARCH = YES;
				SDKROOT = macosx;
				SWIFT_ACTIVE_COMPILATION_CONDITIONS = "DEBUG $(inherited)";
				SWIFT_OPTIMIZATION_LEVEL = "-Onone";
			};
			name = Debug;
		};
		A1000000226AAAF3 /* Release */ = {
			isa = XCBuildConfiguration;
			buildSettings = {
				ALWAYS_SEARCH_USER_PATHS = NO;
				ASSETCATALOG_COMPILER_GENERATE_SWIFT_ASSET_SYMBOL_EXTENSIONS = YES;
				CLANG_ANALYZER_NONNULL = YES;
				CLANG_ANALYZER_NUMBER_OBJECT_CONVERSION = YES_AGGRESSIVE;
				CLANG_CXX_LANGUAGE_STANDARD = "gnu++20";
				CLANG_ENABLE_MODULES = YES;
				CLANG_ENABLE_OBJC_ARC = YES;
				CLANG_ENABLE_OBJC_WEAK = YES;
				CLANG_WARN_BLOCK_CAPTURE_AUTORELEASING = YES;
				CLANG_WARN_BOOL_CONVERSION = YES;
				CLANG_WARN_COMMA = YES;
				CLANG_WARN_CONSTANT_CONVERSION = YES;
				CLANG_WARN_DEPRECATED_OBJC_IMPLEMENTATIONS = YES;
				CLANG_WARN_DIRECT_OBJC_ISA_USAGE = YES_ERROR;
				CLANG_WARN_DOCUMENTATION_COMMENTS = YES;
				CLANG_WARN_EMPTY_BODY = YES;
				CLANG_WARN_ENUM_CONVERSION = YES;
				CLANG_WARN_INFINITE_RECURSION = YES;
				CLANG_WARN_INT_CONVERSION = YES;
				CLANG_WARN_NON_LITERAL_NULL_CONVERSION = YES;
				CLANG_WARN_OBJC_IMPLICIT_RETAIN_SELF = YES;
				CLANG_WARN_OBJC_LITERAL_CONVERSION = YES;
				CLANG_WARN_OBJC_ROOT_CLASS = YES_ERROR;
				CLANG_WARN_QUOTED_INCLUDE_IN_FRAMEWORK_HEADER = YES;
				CLANG_WARN_RANGE_LOOP_ANALYSIS = YES;
				CLANG_WARN_STRICT_PROTOTYPES = YES;
				CLANG_WARN_SUSPICIOUS_MOVE = YES;
				CLANG_WARN_UNGUARDED_AVAILABILITY = YES_AGGRESSIVE;
				CLANG_WARN_UNREACHABLE_CODE = YES;
				CLANG_WARN__DUPLICATE_METHOD_MATCH = YES;
				COPY_PHASE_STRIP = NO;
				DEBUG_INFORMATION_FORMAT = "dwarf-with-dsym";
				ENABLE_NS_ASSERTIONS = NO;
				ENABLE_STRICT_OBJC_MSGSEND = YES;
				ENABLE_USER_SCRIPT_SANDBOXING = YES;
				GCC_C_LANGUAGE_STANDARD = gnu17;
				GCC_NO_COMMON_BLOCKS = YES;
				GCC_WARN_64_TO_32_BIT_CONVERSION = YES;
				GCC_WARN_ABOUT_RETURN_TYPE = YES_ERROR;
				GCC_WARN_UNDECLARED_SELECTOR = YES;
				GCC_WARN_UNINITIALIZED_AUTOS = YES_AGGRESSIVE;
				GCC_WARN_UNUSED_FUNCTION = YES;
				GCC_WARN_UNUSED_VARIABLE = YES;
				LOCALIZATION_PREFERS_STRING_CATALOGS = YES;
				MACOSX_DEPLOYMENT_TARGET = 13.0;
				MTL_ENABLE_DEBUG_INFO = NO;
				MTL_FAST_MATH = YES;
				SDKROOT = macosx;
				SWIFT_COMPILATION_MODE = wholemodule;
			};
			name = Release;
		};
		B1000000226BBBE1 /* Debug */ = {
			isa = XCBuildConfiguration;
			buildSettings = {
				ASSETCATALOG_COMPILER_APPICON_NAME = AppIcon;
				ASSETCATALOG_COMPILER_GLOBAL_ACCENT_COLOR_NAME = AccentColor;
				ASSETCATALOG_COMPILER_INCLUDE_ALL_APPICON_ASSETS = NO;
				CODE_SIGN_ENTITLEMENTS = "iOS/StickyMarkdown-iOS.entitlements";
				CODE_SIGN_STYLE = Automatic;
				CURRENT_PROJECT_VERSION = 2;
				DEVELOPMENT_TEAM = G823YRG96P;
				GENERATE_INFOPLIST_FILE = NO;
				INFOPLIST_FILE = "iOS/Info-iOS.plist";
				INFOPLIST_KEY_CFBundleDisplayName = "Sticky Markdown";
				INFOPLIST_KEY_LSApplicationCategoryType = "public.app-category.productivity";
				INFOPLIST_KEY_UIApplicationSceneManifest_Generation = YES;
				INFOPLIST_KEY_UIApplicationSupportsIndirectInputEvents = YES;
				INFOPLIST_KEY_UILaunchScreen_Generation = YES;
				INFOPLIST_KEY_UISupportedInterfaceOrientations_iPad = "UIInterfaceOrientationPortrait UIInterfaceOrientationPortraitUpsideDown UIInterfaceOrientationLandscapeLeft UIInterfaceOrientationLandscapeRight";
				INFOPLIST_KEY_UISupportedInterfaceOrientations_iPhone = "UIInterfaceOrientationPortrait UIInterfaceOrientationLandscapeLeft UIInterfaceOrientationLandscapeRight";
				IPHONEOS_DEPLOYMENT_TARGET = 16.0;
				LD_RUNPATH_SEARCH_PATHS = (
					"$(inherited)",
					"@executable_path/Frameworks",
				);
				MARKETING_VERSION = 1.0;
				PRODUCT_BUNDLE_IDENTIFIER = "com.sulhadin.sticky-markdown";
				PRODUCT_NAME = "Sticky Markdown";
				SDKROOT = iphoneos;
				SUPPORTED_PLATFORMS = "iphoneos iphonesimulator";
				SUPPORTS_MACCATALYST = NO;
				SWIFT_EMIT_LOC_STRINGS = YES;
				SWIFT_VERSION = 5.0;
				TARGETED_DEVICE_FAMILY = "1,2";
			};
			name = Debug;
		};
		B1000000226BBBE2 /* Release */ = {
			isa = XCBuildConfiguration;
			buildSettings = {
				ASSETCATALOG_COMPILER_APPICON_NAME = AppIcon;
				ASSETCATALOG_COMPILER_GLOBAL_ACCENT_COLOR_NAME = AccentColor;
				ASSETCATALOG_COMPILER_INCLUDE_ALL_APPICON_ASSETS = NO;
				CODE_SIGN_ENTITLEMENTS = "iOS/StickyMarkdown-iOS.entitlements";
				CODE_SIGN_STYLE = Automatic;
				CURRENT_PROJECT_VERSION = 2;
				DEVELOPMENT_TEAM = G823YRG96P;
				GENERATE_INFOPLIST_FILE = NO;
				INFOPLIST_FILE = "iOS/Info-iOS.plist";
				INFOPLIST_KEY_CFBundleDisplayName = "Sticky Markdown";
				INFOPLIST_KEY_LSApplicationCategoryType = "public.app-category.productivity";
				INFOPLIST_KEY_UIApplicationSceneManifest_Generation = YES;
				INFOPLIST_KEY_UIApplicationSupportsIndirectInputEvents = YES;
				INFOPLIST_KEY_UILaunchScreen_Generation = YES;
				INFOPLIST_KEY_UISupportedInterfaceOrientations_iPad = "UIInterfaceOrientationPortrait UIInterfaceOrientationPortraitUpsideDown UIInterfaceOrientationLandscapeLeft UIInterfaceOrientationLandscapeRight";
				INFOPLIST_KEY_UISupportedInterfaceOrientations_iPhone = "UIInterfaceOrientationPortrait UIInterfaceOrientationLandscapeLeft UIInterfaceOrientationLandscapeRight";
				IPHONEOS_DEPLOYMENT_TARGET = 16.0;
				LD_RUNPATH_SEARCH_PATHS = (
					"$(inherited)",
					"@executable_path/Frameworks",
				);
				MARKETING_VERSION = 1.0;
				PRODUCT_BUNDLE_IDENTIFIER = "com.sulhadin.sticky-markdown";
				PRODUCT_NAME = "Sticky Markdown";
				SDKROOT = iphoneos;
				SUPPORTED_PLATFORMS = "iphoneos iphonesimulator";
				SUPPORTS_MACCATALYST = NO;
				SWIFT_EMIT_LOC_STRINGS = YES;
				SWIFT_VERSION = 5.0;
				TARGETED_DEVICE_FAMILY = "1,2";
			};
			name = Release;
		};
/* End XCBuildConfiguration section */

/* Begin XCConfigurationList section */
		A1000000226AAAE0 /* Build configuration list for PBXNativeTarget "StickyMarkdown" */ = {
			isa = XCConfigurationList;
			buildConfigurations = (
				A1000000226AAAE1 /* Debug */,
				A1000000226AAAE2 /* Release */,
			);
			defaultConfigurationIsVisible = 0;
			defaultConfigurationName = Release;
		};
		A1000000226AAAF1 /* Build configuration list for PBXProject "StickyMarkdown" */ = {
			isa = XCConfigurationList;
			buildConfigurations = (
				A1000000226AAAF2 /* Debug */,
				A1000000226AAAF3 /* Release */,
			);
			defaultConfigurationIsVisible = 0;
			defaultConfigurationName = Release;
		};
		B1000000226BBBE0 /* Build configuration list for PBXNativeTarget "StickyMarkdown-iOS" */ = {
			isa = XCConfigurationList;
			buildConfigurations = (
				B1000000226BBBE1 /* Debug */,
				B1000000226BBBE2 /* Release */,
			);
			defaultConfigurationIsVisible = 0;
			defaultConfigurationName = Release;
		};
/* End XCConfigurationList section */

/* Begin XCRemoteSwiftPackageReference section */
		F1000001226AAAA1 /* XCRemoteSwiftPackageReference "swift-markdown" */ = {
			isa = XCRemoteSwiftPackageReference;
			repositoryURL = "https://github.com/swiftlang/swift-markdown.git";
			requirement = {
				kind = upToNextMajorVersion;
				minimumVersion = 0.5.0;
			};
		};
/* End XCRemoteSwiftPackageReference section */

/* Begin XCSwiftPackageProductDependency section */
		F1000002226AAAA1 /* Markdown */ = {
			isa = XCSwiftPackageProductDependency;
			package = F1000001226AAAA1 /* XCRemoteSwiftPackageReference "swift-markdown" */;
			productName = Markdown;
		};
		F1000003226AAAA1 /* Markdown */ = {
			isa = XCSwiftPackageProductDependency;
			package = F1000001226AAAA1 /* XCRemoteSwiftPackageReference "swift-markdown" */;
			productName = Markdown;
		};
/* End XCSwiftPackageProductDependency section */
	};
	rootObject = A1000000226AAAF0 /* Project object */;
}
